name: update-flake-lock
on:
  workflow_dispatch:
  schedule:
    - cron: "0 15 * * 5" # 毎週土曜日の00:00 JSTに実行

jobs:
  lockfile:
    runs-on: ubuntu-latest
    steps:
      - name: Checkout repository
        uses: actions/checkout@v4
      - name: Install Nix
        uses: DeterminateSystems/nix-installer-action@main
      - id: update
        name: Update flake.lock
        uses: DeterminateSystems/update-flake-lock@main
        with:
          commit-msg: "chore(deps): update flake.lock"
          pr-title: "chore(deps): update flake.lock"
      - name: Enable PR auto-merge
        env:
          GITHUB_TOKEN: ${{ secrets.GITHUB_TOKEN }}
        run: |
          gh pr merge --auto --merge ${{ steps.update.outputs.pull-request-number }}
